
Microsoft Visual Studio Solution File, Format Version 12.00
# Visual Studio Version 16
VisualStudioVersion = 16.0.31105.61
MinimumVisualStudioVersion = 10.0.40219.1
Project("{FAE04EC0-301F-11D3-BF4B-00C04F79EFBC}") = "TTWebApp", "TTWebApp\TTWebApp.csproj", "{F1551923-2D1B-473D-9C05-D659685606AE}"
EndProject
Global
	GlobalSection(SolutionConfigurationPlatforms) = preSolution
		Debug|Any CPU = Debug|Any CPU
		Release|Any CPU = Release|Any CPU
	EndGlobalSection
	GlobalSection(ProjectConfigurationPlatforms) = postSolution
		{F1551923-2D1B-473D-9C05-D659685606AE}.Debug|Any CPU.ActiveCfg = Debug|Any CPU
		{F1551923-2D1B-473D-9C05-D659685606AE}.Debug|Any CPU.Build.0 = Debug|Any CPU
		{F1551923-2D1B-473D-9C05-D659685606AE}.Release|Any CPU.ActiveCfg = Release|Any CPU
		{F1551923-2D1B-473D-9C05-D659685606AE}.Release|Any CPU.Build.0 = Release|Any CPU
	EndGlobalSection
	GlobalSection(SolutionProperties) = preSolution
		HideSolutionNode = FALSE
	EndGlobalSection
	GlobalSection(ExtensibilityGlobals) = postSolution
		SolutionGuid = {98F4E2F8-99AF-41EB-A1DD-D522BD31C4A7}
	EndGlobalSection
EndGlobal
